PODS:
  - Flutter (1.0.0)
  - geolocator (5.3.1):
    - Flutter
  - google_api_availability (2.0.4):
    - Flutter
  - location_permissions (2.0.5):
    - Flutter

DEPENDENCIES:
  - Flutter (from `Flutter`)
  - geolocator (from `.symlinks/plugins/geolocator/ios`)
  - google_api_availability (from `.symlinks/plugins/google_api_availability/ios`)
  - location_permissions (from `.symlinks/plugins/location_permissions/ios`)

EXTERNAL SOURCES:
  Flutter:
    :path: Flutter
  geolocator:
    :path: ".symlinks/plugins/geolocator/ios"
  google_api_availability:
    :path: ".symlinks/plugins/google_api_availability/ios"
  location_permissions:
    :path: ".symlinks/plugins/location_permissions/ios"

SPEC CHECKSUMS:
  Flutter: 0e3d915762c693b495b44d77113d4970485de6ec
  geolocator: 460cc8e850b616f8c0e90944c86517d91ccbb686
  google_api_availability: 15fa42a8cd83c0a6738507ffe6e87096f12abcb8
  location_permissions: 4a49d4e5bec5b653643e551ab77963cc99bb0e4a

PODFILE CHECKSUM: f45d293502bdcca725aca7bc62af43ad173e1292

COCOAPODS: 1.8.4
